
Microsoft Visual Studio Solution File, Format Version 12.00
# Visual Studio Version 17
VisualStudioVersion = 17.6.33815.320
MinimumVisualStudioVersion = 10.0.40219.1
Project("{FAE04EC0-301F-11D3-BF4B-00C04F79EFBC}") = "Dapper_Basic", "Dapper_Basic\Dapper_Basic.csproj", "{D9DB7D77-DFD1-478F-AE29-F6CC5C017085}"
EndProject
Global
	GlobalSection(SolutionConfigurationPlatforms) = preSolution
		Debug|Any CPU = Debug|Any CPU
		Release|Any CPU = Release|Any CPU
	EndGlobalSection
	GlobalSection(ProjectConfigurationPlatforms) = postSolution
		{D9DB7D77-DFD1-478F-AE29-F6CC5C017085}.Debug|Any CPU.ActiveCfg = Debug|Any CPU
		{D9DB7D77-DFD1-478F-AE29-F6CC5C017085}.Debug|Any CPU.Build.0 = Debug|Any CPU
		{D9DB7D77-DFD1-478F-AE29-F6CC5C017085}.Release|Any CPU.ActiveCfg = Release|Any CPU
		{D9DB7D77-DFD1-478F-AE29-F6CC5C017085}.Release|Any CPU.Build.0 = Release|Any CPU
	EndGlobalSection
	GlobalSection(SolutionProperties) = preSolution
		HideSolutionNode = FALSE
	EndGlobalSection
	GlobalSection(ExtensibilityGlobals) = postSolution
		SolutionGuid = {20C4CFAA-70B7-41E5-BC68-9886360F92EC}
	EndGlobalSection
EndGlobal
